
Microsoft Visual Studio Solution File, Format Version 12.00
# Visual Studio Version 17
VisualStudioVersion = 17.14.36310.24 d17.14
MinimumVisualStudioVersion = 10.0.40219.1
Project("{FAE04EC0-301F-11D3-BF4B-00C04F79EFBC}") = "SecondPrograms", "SecondPrograms.csproj", "{63598057-9012-4E59-86AE-1A6B5B42986B}"
EndProject
Global
	GlobalSection(SolutionConfigurationPlatforms) = preSolution
		Debug|Any CPU = Debug|Any CPU
		Release|Any CPU = Release|Any CPU
	EndGlobalSection
	GlobalSection(ProjectConfigurationPlatforms) = postSolution
		{63598057-9012-4E59-86AE-1A6B5B42986B}.Debug|Any CPU.ActiveCfg = Debug|Any CPU
		{63598057-9012-4E59-86AE-1A6B5B42986B}.Debug|Any CPU.Build.0 = Debug|Any CPU
		{63598057-9012-4E59-86AE-1A6B5B42986B}.Release|Any CPU.ActiveCfg = Release|Any CPU
		{63598057-9012-4E59-86AE-1A6B5B42986B}.Release|Any CPU.Build.0 = Release|Any CPU
	EndGlobalSection
	GlobalSection(SolutionProperties) = preSolution
		HideSolutionNode = FALSE
	EndGlobalSection
	GlobalSection(ExtensibilityGlobals) = postSolution
		SolutionGuid = {7D938232-F202-43EB-A51B-8BFD3EE2D9A7}
	EndGlobalSection
EndGlobal
